
Microsoft Visual Studio Solution File, Format Version 12.00
# Visual Studio 2012
Project("{FAE04EC0-301F-11D3-BF4B-00C04F79EFBC}") = "EventManager", "EventManager\EventManager.csproj", "{F85D6127-679F-4F6C-8F1E-61FA6B7F1589}"
EndProject
Global
	GlobalSection(SolutionConfigurationPlatforms) = preSolution
		Debug|Any CPU = Debug|Any CPU
		Release|Any CPU = Release|Any CPU
	EndGlobalSection
	GlobalSection(ProjectConfigurationPlatforms) = postSolution
		{F85D6127-679F-4F6C-8F1E-61FA6B7F1589}.Debug|Any CPU.ActiveCfg = Debug|Any CPU
		{F85D6127-679F-4F6C-8F1E-61FA6B7F1589}.Debug|Any CPU.Build.0 = Debug|Any CPU
		{F85D6127-679F-4F6C-8F1E-61FA6B7F1589}.Release|Any CPU.ActiveCfg = Release|Any CPU
		{F85D6127-679F-4F6C-8F1E-61FA6B7F1589}.Release|Any CPU.Build.0 = Release|Any CPU
	EndGlobalSection
EndGlobal
